{
  "name": "cooking-space",
  "version": "1.0.0",
  "lockfileVersion": 3,
  "requires": true,
  "packages": {
    "": {
      "name": "cooking-space",
      "version": "1.0.0",
      "dependencies": {
        "sommelier-space": "file:../sommelier"
      }
    },
    "../sommelier": {
      "name": "sommelier-space",
      "version": "1.0.0"
    },
    "node_modules/sommelier-space": {
      "resolved": "../sommelier",
      "link": true
    }
  }
}
